// !$*UTF8*$!
{
	archiveVersion = 1;
	classes = {
	};
	objectVersion = 50;
	objects = {

/* Begin PBXBuildFile section */
		137F7E0626A73C8200F3959A /* AppDelegate.swift in Sources */ = {isa = PBXBuildFile; fileRef = 137F7E0526A73C8200F3959A /* AppDelegate.swift */; };
		137F7E0826A73C8200F3959A /* SceneDelegate.swift in Sources */ = {isa = PBXBuildFile; fileRef = 137F7E0726A73C8200F3959A /* SceneDelegate.swift */; };
		137F7E0A26A73C8200F3959A /* ViewController.swift in Sources */ = {isa = PBXBuildFile; fileRef = 137F7E0926A73C8200F3959A /* ViewController.swift */; };
		137F7E0D26A73C8200F3959A /* Main.storyboard in Resources */ = {isa = PBXBuildFile; fileRef = 137F7E0B26A73C8200F3959A /* Main.storyboard */; };
		137F7E1026A73C8200F3959A /* GitHub_Testing_Lesson.xcdatamodeld in Sources */ = {isa = PBXBuildFile; fileRef = 137F7E0E26A73C8200F3959A /* GitHub_Testing_Lesson.xcdatamodeld */; };
		137F7E1226A73C8A00F3959A /* Assets.xcassets in Resources */ = {isa = PBXBuildFile; fileRef = 137F7E1126A73C8A00F3959A /* Assets.xcassets */; };
		137F7E1526A73C8A00F3959A /* LaunchScreen.storyboard in Resources */ = {isa = PBXBuildFile; fileRef = 137F7E1326A73C8A00F3959A /* LaunchScreen.storyboard */; };
		137F7E2026A73C8A00F3959A /* GitHub_Testing_LessonTests.swift in Sources */ = {isa = PBXBuildFile; fileRef = 137F7E1F26A73C8A00F3959A /* GitHub_Testing_LessonTests.swift */; };
		137F7E2B26A73C8B00F3959A /* GitHub_Testing_LessonUITests.swift in Sources */ = {isa = PBXBuildFile; fileRef = 137F7E2A26A73C8B00F3959A /* GitHub_Testing_LessonUITests.swift */; };
/* End PBXBuildFile section */

/* Begin PBXContainerItemProxy section */
		137F7E1C26A73C8A00F3959A /* PBXContainerItemProxy */ = {
			isa = PBXContainerItemProxy;
			containerPortal = 137F7DFA26A73C8100F3959A /* Project object */;
			proxyType = 1;
			remoteGlobalIDString = 137F7E0126A73C8200F3959A;
			remoteInfo = GitHub_Testing_Lesson;
		};
		137F7E2726A73C8B00F3959A /* PBXContainerItemProxy */ = {
			isa = PBXContainerItemProxy;
			containerPortal = 137F7DFA26A73C8100F3959A /* Project object */;
			proxyType = 1;
			remoteGlobalIDString = 137F7E0126A73C8200F3959A;
			remoteInfo = GitHub_Testing_Lesson;
		};
/* End PBXContainerItemProxy section */

/* Begin PBXFileReference section */
		137F7E0226A73C8200F3959A /* GitHub_Testing_Lesson.app */ = {isa = PBXFileReference; explicitFileType = wrapper.application; includeInIndex = 0; path = GitHub_Testing_Lesson.app; sourceTree = BUILT_PRODUCTS_DIR; };
		137F7E0526A73C8200F3959A /* AppDelegate.swift */ = {isa = PBXFileReference; lastKnownFileType = sourcecode.swift; path = AppDelegate.swift; sourceTree = "<group>"; };
		137F7E0726A73C8200F3959A /* SceneDelegate.swift */ = {isa = PBXFileReference; lastKnownFileType = sourcecode.swift; path = SceneDelegate.swift; sourceTree = "<group>"; };
		137F7E0926A73C8200F3959A /* ViewController.swift */ = {isa = PBXFileReference; lastKnownFileType = sourcecode.swift; path = ViewController.swift; sourceTree = "<group>"; };
		137F7E0C26A73C8200F3959A /* Base */ = {isa = PBXFileReference; lastKnownFileType = file.storyboard; name = Base; path = Base.lproj/Main.storyboard; sourceTree = "<group>"; };
		137F7E0F26A73C8200F3959A /* GitHub_Testing_Lesson.xcdatamodel */ = {isa = PBXFileReference; lastKnownFileType = wrapper.xcdatamodel; path = GitHub_Testing_Lesson.xcdatamodel; sourceTree = "<group>"; };
		137F7E1126A73C8A00F3959A /* Assets.xcassets */ = {isa = PBXFileReference; lastKnownFileType = folder.assetcatalog; path = Assets.xcassets; sourceTree = "<group>"; };
		137F7E1426A73C8A00F3959A /* Base */ = {isa = PBXFileReference; lastKnownFileType = file.storyboard; name = Base; path = Base.lproj/LaunchScreen.storyboard; sourceTree = "<group>"; };
		137F7E1626A73C8A00F3959A /* Info.plist */ = {isa = PBXFileReference; lastKnownFileType = text.plist.xml; path = Info.plist; sourceTree = "<group>"; };
		137F7E1B26A73C8A00F3959A /* GitHub_Testing_LessonTests.xctest */ = {isa = PBXFileReference; explicitFileType = wrapper.cfbundle; includeInIndex = 0; path = GitHub_Testing_LessonTests.xctest; sourceTree = BUILT_PRODUCTS_DIR; };
		137F7E1F26A73C8A00F3959A /* GitHub_Testing_LessonTests.swift */ = {isa = PBXFileReference; lastKnownFileType = sourcecode.swift; path = GitHub_Testing_LessonTests.swift; sourceTree = "<group>"; };
		137F7E2126A73C8A00F3959A /* Info.plist */ = {isa = PBXFileReference; lastKnownFileType = text.plist.xml; path = Info.plist; sourceTree = "<group>"; };
		137F7E2626A73C8B00F3959A /* GitHub_Testing_LessonUITests.xctest */ = {isa = PBXFileReference; explicitFileType = wrapper.cfbundle; includeInIndex = 0; path = GitHub_Testing_LessonUITests.xctest; sourceTree = BUILT_PRODUCTS_DIR; };
		137F7E2A26A73C8B00F3959A /* GitHub_Testing_LessonUITests.swift */ = {isa = PBXFileReference; lastKnownFileType = sourcecode.swift; path = GitHub_Testing_LessonUITests.swift; sourceTree = "<group>"; };
		137F7E2C26A73C8B00F3959A /* Info.plist */ = {isa = PBXFileReference; lastKnownFileType = text.plist.xml; path = Info.plist; sourceTree = "<group>"; };
/* End PBXFileReference section */

/* Begin PBXFrameworksBuildPhase section */
		137F7DFF26A73C8200F3959A /* Frameworks */ = {
			isa = PBXFrameworksBuildPhase;
			buildActionMask = 2147483647;
			files = (
			);
			runOnlyForDeploymentPostprocessing = 0;
		};
		137F7E1826A73C8A00F3959A /* Frameworks */ = {
			isa = PBXFrameworksBuildPhase;
			buildActionMask = 2147483647;
			files = (
			);
			runOnlyForDeploymentPostprocessing = 0;
		};
		137F7E2326A73C8B00F3959A /* Frameworks */ = {
			isa = PBXFrameworksBuildPhase;
			buildActionMask = 2147483647;
			files = (
			);
			runOnlyForDeploymentPostprocessing = 0;
		};
/* End PBXFrameworksBuildPhase section */

/* Begin PBXGroup section */
		137F7DF926A73C8100F3959A = {
			isa = PBXGroup;
			children = (
				137F7E0426A73C8200F3959A /* GitHub_Testing_Lesson */,
				137F7E1E26A73C8A00F3959A /* GitHub_Testing_LessonTests */,
				137F7E2926A73C8B00F3959A /* GitHub_Testing_LessonUITests */,
				137F7E0326A73C8200F3959A /* Products */,
			);
			sourceTree = "<group>";
		};
		137F7E0326A73C8200F3959A /* Products */ = {
			isa = PBXGroup;
			children = (
				137F7E0226A73C8200F3959A /* GitHub_Testing_Lesson.app */,
				137F7E1B26A73C8A00F3959A /* GitHub_Testing_LessonTests.xctest */,
				137F7E2626A73C8B00F3959A /* GitHub_Testing_LessonUITests.xctest */,
			);
			name = Products;
			sourceTree = "<group>";
		};
		137F7E0426A73C8200F3959A /* GitHub_Testing_Lesson */ = {
			isa = PBXGroup;
			children = (
				137F7E0526A73C8200F3959A /* AppDelegate.swift */,
				137F7E0726A73C8200F3959A /* SceneDelegate.swift */,
				137F7E0926A73C8200F3959A /* ViewController.swift */,
				137F7E0B26A73C8200F3959A /* Main.storyboard */,
				137F7E1126A73C8A00F3959A /* Assets.xcassets */,
				137F7E1326A73C8A00F3959A /* LaunchScreen.storyboard */,
				137F7E1626A73C8A00F3959A /* Info.plist */,
				137F7E0E26A73C8200F3959A /* GitHub_Testing_Lesson.xcdatamodeld */,
			);
			path = GitHub_Testing_Lesson;
			sourceTree = "<group>";
		};
		137F7E1E26A73C8A00F3959A /* GitHub_Testing_LessonTests */ = {
			isa = PBXGroup;
			children = (
				137F7E1F26A73C8A00F3959A /* GitHub_Testing_LessonTests.swift */,
				137F7E2126A73C8A00F3959A /* Info.plist */,
			);
			path = GitHub_Testing_LessonTests;
			sourceTree = "<group>";
		};
		137F7E2926A73C8B00F3959A /* GitHub_Testing_LessonUITests */ = {
			isa = PBXGroup;
			children = (
				137F7E2A26A73C8B00F3959A /* GitHub_Testing_LessonUITests.swift */,
				137F7E2C26A73C8B00F3959A /* Info.plist */,
			);
			path = GitHub_Testing_LessonUITests;
			sourceTree = "<group>";
		};
/* End PBXGroup section */

/* Begin PBXNativeTarget section */
		137F7E0126A73C8200F3959A /* GitHub_Testing_Lesson */ = {
			isa = PBXNativeTarget;
			buildConfigurationList = 137F7E2F26A73C8B00F3959A /* Build configuration list for PBXNativeTarget "GitHub_Testing_Lesson" */;
			buildPhases = (
				137F7DFE26A73C8200F3959A /* Sources */,
				137F7DFF26A73C8200F3959A /* Frameworks */,
				137F7E0026A73C8200F3959A /* Resources */,
			);
			buildRules = (
			);
			dependencies = (
			);
			name = GitHub_Testing_Lesson;
			productName = GitHub_Testing_Lesson;
			productReference = 137F7E0226A73C8200F3959A /* GitHub_Testing_Lesson.app */;
			productType = "com.apple.product-type.application";
		};
		137F7E1A26A73C8A00F3959A /* GitHub_Testing_LessonTests */ = {
			isa = PBXNativeTarget;
			buildConfigurationList = 137F7E3226A73C8B00F3959A /* Build configuration list for PBXNativeTarget "GitHub_Testing_LessonTests" */;
			buildPhases = (
				137F7E1726A73C8A00F3959A /* Sources */,
				137F7E1826A73C8A00F3959A /* Frameworks */,
				137F7E1926A73C8A00F3959A /* Resources */,
			);
			buildRules = (
			);
			dependencies = (
				137F7E1D26A73C8A00F3959A /* PBXTargetDependency */,
			);
			name = GitHub_Testing_LessonTests;
			productName = GitHub_Testing_LessonTests;
			productReference = 137F7E1B26A73C8A00F3959A /* GitHub_Testing_LessonTests.xctest */;
			productType = "com.apple.product-type.bundle.unit-test";
		};
		137F7E2526A73C8B00F3959A /* GitHub_Testing_LessonUITests */ = {
			isa = PBXNativeTarget;
			buildConfigurationList = 137F7E3526A73C8B00F3959A /* Build configuration list for PBXNativeTarget "GitHub_Testing_LessonUITests" */;
			buildPhases = (
				137F7E2226A73C8B00F3959A /* Sources */,
				137F7E2326A73C8B00F3959A /* Frameworks */,
				137F7E2426A73C8B00F3959A /* Resources */,
			);
			buildRules = (
			);
			dependencies = (
				137F7E2826A73C8B00F3959A /* PBXTargetDependency */,
			);
			name = GitHub_Testing_LessonUITests;
			productName = GitHub_Testing_LessonUITests;
			productReference = 137F7E2626A73C8B00F3959A /* GitHub_Testing_LessonUITests.xctest */;
			productType = "com.apple.product-type.bundle.ui-testing";
		};
/* End PBXNativeTarget section */

/* Begin PBXProject section */
		137F7DFA26A73C8100F3959A /* Project object */ = {
			isa = PBXProject;
			attributes = {
				LastSwiftUpdateCheck = 1210;
				LastUpgradeCheck = 1210;
				TargetAttributes = {
					137F7E0126A73C8200F3959A = {
						CreatedOnToolsVersion = 12.1;
					};
					137F7E1A26A73C8A00F3959A = {
						CreatedOnToolsVersion = 12.1;
						TestTargetID = 137F7E0126A73C8200F3959A;
					};
					137F7E2526A73C8B00F3959A = {
						CreatedOnToolsVersion = 12.1;
						TestTargetID = 137F7E0126A73C8200F3959A;
					};
				};
			};
			buildConfigurationList = 137F7DFD26A73C8100F3959A /* Build configuration list for PBXProject "GitHub_Testing_Lesson" */;
			compatibilityVersion = "Xcode 9.3";
			developmentRegion = en;
			hasScannedForEncodings = 0;
			knownRegions = (
				en,
				Base,
			);
			mainGroup = 137F7DF926A73C8100F3959A;
			productRefGroup = 137F7E0326A73C8200F3959A /* Products */;
			projectDirPath = "";
			projectRoot = "";
			targets = (
				137F7E0126A73C8200F3959A /* GitHub_Testing_Lesson */,
				137F7E1A26A73C8A00F3959A /* GitHub_Testing_LessonTests */,
				137F7E2526A73C8B00F3959A /* GitHub_Testing_LessonUITests */,
			);
		};
/* End PBXProject section */

/* Begin PBXResourcesBuildPhase section */
		137F7E0026A73C8200F3959A /* Resources */ = {
			isa = PBXResourcesBuildPhase;
			buildActionMask = 2147483647;
			files = (
				137F7E1526A73C8A00F3959A /* LaunchScreen.storyboard in Resources */,
				137F7E1226A73C8A00F3959A /* Assets.xcassets in Resources */,
				137F7E0D26A73C8200F3959A /* Main.storyboard in Resources */,
			);
			runOnlyForDeploymentPostprocessing = 0;
		};
		137F7E1926A73C8A00F3959A /* Resources */ = {
			isa = PBXResourcesBuildPhase;
			buildActionMask = 2147483647;
			files = (
			);
			runOnlyForDeploymentPostprocessing = 0;
		};
		137F7E2426A73C8B00F3959A /* Resources */ = {
			isa = PBXResourcesBuildPhase;
			buildActionMask = 2147483647;
			files = (
			);
			runOnlyForDeploymentPostprocessing = 0;
		};
/* End PBXResourcesBuildPhase section */

/* Begin PBXSourcesBuildPhase section */
		137F7DFE26A73C8200F3959A /* Sources */ = {
			isa = PBXSourcesBuildPhase;
			buildActionMask = 2147483647;
			files = (
				137F7E0A26A73C8200F3959A /* ViewController.swift in Sources */,
				137F7E1026A73C8200F3959A /* GitHub_Testing_Lesson.xcdatamodeld in Sources */,
				137F7E0626A73C8200F3959A /* AppDelegate.swift in Sources */,
				137F7E0826A73C8200F3959A /* SceneDelegate.swift in Sources */,
			);
			runOnlyForDeploymentPostprocessing = 0;
		};
		137F7E1726A73C8A00F3959A /* Sources */ = {
			isa = PBXSourcesBuildPhase;
			buildActionMask = 2147483647;
			files = (
				137F7E2026A73C8A00F3959A /* GitHub_Testing_LessonTests.swift in Sources */,
			);
			runOnlyForDeploymentPostprocessing = 0;
		};
		137F7E2226A73C8B00F3959A /* Sources */ = {
			isa = PBXSourcesBuildPhase;
			buildActionMask = 2147483647;
			files = (
				137F7E2B26A73C8B00F3959A /* GitHub_Testing_LessonUITests.swift in Sources */,
			);
			runOnlyForDeploymentPostprocessing = 0;
		};
/* End PBXSourcesBuildPhase section */

/* Begin PBXTargetDependency section */
		137F7E1D26A73C8A00F3959A /* PBXTargetDependency */ = {
			isa = PBXTargetDependency;
			target = 137F7E0126A73C8200F3959A /* GitHub_Testing_Lesson */;
			targetProxy = 137F7E1C26A73C8A00F3959A /* PBXContainerItemProxy */;
		};
		137F7E2826A73C8B00F3959A /* PBXTargetDependency */ = {
			isa = PBXTargetDependency;
			target = 137F7E0126A73C8200F3959A /* GitHub_Testing_Lesson */;
			targetProxy = 137F7E2726A73C8B00F3959A /* PBXContainerItemProxy */;
		};
/* End PBXTargetDependency section */

/* Begin PBXVariantGroup section */
		137F7E0B26A73C8200F3959A /* Main.storyboard */ = {
			isa = PBXVariantGroup;
			children = (
				137F7E0C26A73C8200F3959A /* Base */,
			);
			name = Main.storyboard;
			sourceTree = "<group>";
		};
		137F7E1326A73C8A00F3959A /* LaunchScreen.storyboard */ = {
			isa = PBXVariantGroup;
			children = (
				137F7E1426A73C8A00F3959A /* Base */,
			);
			name = LaunchScreen.storyboard;
			sourceTree = "<group>";
		};
/* End PBXVariantGroup section */

/* Begin XCBuildConfiguration section */
		137F7E2D26A73C8B00F3959A /* Debug */ = {
			isa = XCBuildConfiguration;
			buildSettings = {
				ALWAYS_SEARCH_USER_PATHS = NO;
				CLANG_ANALYZER_NONNULL = YES;
				CLANG_ANALYZER_NUMBER_OBJECT_CONVERSION = YES_AGGRESSIVE;
				CLANG_CXX_LANGUAGE_STANDARD = "gnu++14";
				CLANG_CXX_LIBRARY = "libc++";
				CLANG_ENABLE_MODULES = YES;
				CLANG_ENABLE_OBJC_ARC = YES;
				CLANG_ENABLE_OBJC_WEAK = YES;
				CLANG_WARN_BLOCK_CAPTURE_AUTORELEASING = YES;
				CLANG_WARN_BOOL_CONVERSION = YES;
				CLANG_WARN_COMMA = YES;
				CLANG_WARN_CONSTANT_CONVERSION = YES;
				CLANG_WARN_DEPRECATED_OBJC_IMPLEMENTATIONS = YES;
				CLANG_WARN_DIRECT_OBJC_ISA_USAGE = YES_ERROR;
				CLANG_WARN_DOCUMENTATION_COMMENTS = YES;
				CLANG_WARN_EMPTY_BODY = YES;
				CLANG_WARN_ENUM_CONVERSION = YES;
				CLANG_WARN_INFINITE_RECURSION = YES;
				CLANG_WARN_INT_CONVERSION = YES;
				CLANG_WARN_NON_LITERAL_NULL_CONVERSION = YES;
				CLANG_WARN_OBJC_IMPLICIT_RETAIN_SELF = YES;
				CLANG_WARN_OBJC_LITERAL_CONVERSION = YES;
				CLANG_WARN_OBJC_ROOT_CLASS = YES_ERROR;
				CLANG_WARN_QUOTED_INCLUDE_IN_FRAMEWORK_HEADER = YES;
				CLANG_WARN_RANGE_LOOP_ANALYSIS = YES;
				CLANG_WARN_STRICT_PROTOTYPES = YES;
				CLANG_WARN_SUSPICIOUS_MOVE = YES;
				CLANG_WARN_UNGUARDED_AVAILABILITY = YES_AGGRESSIVE;
				CLANG_WARN_UNREACHABLE_CODE = YES;
				CLANG_WARN__DUPLICATE_METHOD_MATCH = YES;
				COPY_PHASE_STRIP = NO;
				DEBUG_INFORMATION_FORMAT = dwarf;
				ENABLE_STRICT_OBJC_MSGSEND = YES;
				ENABLE_TESTABILITY = YES;
				GCC_C_LANGUAGE_STANDARD = gnu11;
				GCC_DYNAMIC_NO_PIC = NO;
				GCC_NO_COMMON_BLOCKS = YES;
				GCC_OPTIMIZATION_LEVEL = 0;
				GCC_PREPROCESSOR_DEFINITIONS = (
					"DEBUG=1",
					"$(inherited)",
				);
				GCC_WARN_64_TO_32_BIT_CONVERSION = YES;
				GCC_WARN_ABOUT_RETURN_TYPE = YES_ERROR;
				GCC_WARN_UNDECLARED_SELECTOR = YES;
				GCC_WARN_UNINITIALIZED_AUTOS = YES_AGGRESSIVE;
				GCC_WARN_UNUSED_FUNCTION = YES;
				GCC_WARN_UNUSED_VARIABLE = YES;
				IPHONEOS_DEPLOYMENT_TARGET = 14.1;
				MTL_ENABLE_DEBUG_INFO = INCLUDE_SOURCE;
				MTL_FAST_MATH = YES;
				ONLY_ACTIVE_ARCH = YES;
				SDKROOT = iphoneos;
				SWIFT_ACTIVE_COMPILATION_CONDITIONS = DEBUG;
				SWIFT_OPTIMIZATION_LEVEL = "-Onone";
			};
			name = Debug;
		};
		137F7E2E26A73C8B00F3959A /* Release */ = {
			isa = XCBuildConfiguration;
			buildSettings = {
				ALWAYS_SEARCH_USER_PATHS = NO;
				CLANG_ANALYZER_NONNULL = YES;
				CLANG_ANALYZER_NUMBER_OBJECT_CONVERSION = YES_AGGRESSIVE;
				CLANG_CXX_LANGUAGE_STANDARD = "gnu++14";
				CLANG_CXX_LIBRARY = "libc++";
				CLANG_ENABLE_MODULES = YES;
				CLANG_ENABLE_OBJC_ARC = YES;
				CLANG_ENABLE_OBJC_WEAK = YES;
				CLANG_WARN_BLOCK_CAPTURE_AUTORELEASING = YES;
				CLANG_WARN_BOOL_CONVERSION = YES;
				CLANG_WARN_COMMA = YES;
				CLANG_WARN_CONSTANT_CONVERSION = YES;
				CLANG_WARN_DEPRECATED_OBJC_IMPLEMENTATIONS = YES;
				CLANG_WARN_DIRECT_OBJC_ISA_USAGE = YES_ERROR;
				CLANG_WARN_DOCUMENTATION_COMMENTS = YES;
				CLANG_WARN_EMPTY_BODY = YES;
				CLANG_WARN_ENUM_CONVERSION = YES;
				CLANG_WARN_INFINITE_RECURSION = YES;
				CLANG_WARN_INT_CONVERSION = YES;
				CLANG_WARN_NON_LITERAL_NULL_CONVERSION = YES;
				CLANG_WARN_OBJC_IMPLICIT_RETAIN_SELF = YES;
				CLANG_WARN_OBJC_LITERAL_CONVERSION = YES;
				CLANG_WARN_OBJC_ROOT_CLASS = YES_ERROR;
				CLANG_WARN_QUOTED_INCLUDE_IN_FRAMEWORK_HEADER = YES;
				CLANG_WARN_RANGE_LOOP_ANALYSIS = YES;
				CLANG_WARN_STRICT_PROTOTYPES = YES;
				CLANG_WARN_SUSPICIOUS_MOVE = YES;
				CLANG_WARN_UNGUARDED_AVAILABILITY = YES_AGGRESSIVE;
				CLANG_WARN_UNREACHABLE_CODE = YES;
				CLANG_WARN__DUPLICATE_METHOD_MATCH = YES;
				COPY_PHASE_STRIP = NO;
				DEBUG_INFORMATION_FORMAT = "dwarf-with-dsym";
				ENABLE_NS_ASSERTIONS = NO;
				ENABLE_STRICT_OBJC_MSGSEND = YES;
				GCC_C_LANGUAGE_STANDARD = gnu11;
				GCC_NO_COMMON_BLOCKS = YES;
				GCC_WARN_64_TO_32_BIT_CONVERSION = YES;
				GCC_WARN_ABOUT_RETURN_TYPE = YES_ERROR;
				GCC_WARN_UNDECLARED_SELECTOR = YES;
				GCC_WARN_UNINITIALIZED_AUTOS = YES_AGGRESSIVE;
				GCC_WARN_UNUSED_FUNCTION = YES;
				GCC_WARN_UNUSED_VARIABLE = YES;
				IPHONEOS_DEPLOYMENT_TARGET = 14.1;
				MTL_ENABLE_DEBUG_INFO = NO;
				MTL_FAST_MATH = YES;
				SDKROOT = iphoneos;
				SWIFT_COMPILATION_MODE = wholemodule;
				SWIFT_OPTIMIZATION_LEVEL = "-O";
				VALIDATE_PRODUCT = YES;
			};
			name = Release;
		};
		137F7E3026A73C8B00F3959A /* Debug */ = {
			isa = XCBuildConfiguration;
			buildSettings = {
				ASSETCATALOG_COMPILER_APPICON_NAME = AppIcon;
				ASSETCATALOG_COMPILER_GLOBAL_ACCENT_COLOR_NAME = AccentColor;
				CODE_SIGN_STYLE = Automatic;
				INFOPLIST_FILE = GitHub_Testing_Lesson/Info.plist;
				LD_RUNPATH_SEARCH_PATHS = (
					"$(inherited)",
					"@executable_path/Frameworks",
				);
				PRODUCT_BUNDLE_IDENTIFIER = "KWK.GitHub-Testing-Lesson";
				PRODUCT_NAME = "$(TARGET_NAME)";
				SWIFT_VERSION = 5.0;
				TARGETED_DEVICE_FAMILY = "1,2";
			};
			name = Debug;
		};
		137F7E3126A73C8B00F3959A /* Release */ = {
			isa = XCBuildConfiguration;
			buildSettings = {
				ASSETCATALOG_COMPILER_APPICON_NAME = AppIcon;
				ASSETCATALOG_COMPILER_GLOBAL_ACCENT_COLOR_NAME = AccentColor;
				CODE_SIGN_STYLE = Automatic;
				INFOPLIST_FILE = GitHub_Testing_Lesson/Info.plist;
				LD_RUNPATH_SEARCH_PATHS = (
					"$(inherited)",
					"@executable_path/Frameworks",
				);
				PRODUCT_BUNDLE_IDENTIFIER = "KWK.GitHub-Testing-Lesson";
				PRODUCT_NAME = "$(TARGET_NAME)";
				SWIFT_VERSION = 5.0;
				TARGETED_DEVICE_FAMILY = "1,2";
			};
			name = Release;
		};
		137F7E3326A73C8B00F3959A /* Debug */ = {
			isa = XCBuildConfiguration;
			buildSettings = {
				ALWAYS_EMBED_SWIFT_STANDARD_LIBRARIES = YES;
				BUNDLE_LOADER = "$(TEST_HOST)";
				CODE_SIGN_STYLE = Automatic;
				INFOPLIST_FILE = GitHub_Testing_LessonTests/Info.plist;
				IPHONEOS_DEPLOYMENT_TARGET = 14.1;
				LD_RUNPATH_SEARCH_PATHS = (
					"$(inherited)",
					"@executable_path/Frameworks",
					"@loader_path/Frameworks",
				);
				PRODUCT_BUNDLE_IDENTIFIER = "KWK.GitHub-Testing-LessonTests";
				PRODUCT_NAME = "$(TARGET_NAME)";
				SWIFT_VERSION = 5.0;
				TARGETED_DEVICE_FAMILY = "1,2";
				TEST_HOST = "$(BUILT_PRODUCTS_DIR)/GitHub_Testing_Lesson.app/GitHub_Testing_Lesson";
			};
			name = Debug;
		};
		137F7E3426A73C8B00F3959A /* Release */ = {
			isa = XCBuildConfiguration;
			buildSettings = {
				ALWAYS_EMBED_SWIFT_STANDARD_LIBRARIES = YES;
				BUNDLE_LOADER = "$(TEST_HOST)";
				CODE_SIGN_STYLE = Automatic;
				INFOPLIST_FILE = GitHub_Testing_LessonTests/Info.plist;
				IPHONEOS_DEPLOYMENT_TARGET = 14.1;
				LD_RUNPATH_SEARCH_PATHS = (
					"$(inherited)",
					"@executable_path/Frameworks",
					"@loader_path/Frameworks",
				);
				PRODUCT_BUNDLE_IDENTIFIER = "KWK.GitHub-Testing-LessonTests";
				PRODUCT_NAME = "$(TARGET_NAME)";
				SWIFT_VERSION = 5.0;
				TARGETED_DEVICE_FAMILY = "1,2";
				TEST_HOST = "$(BUILT_PRODUCTS_DIR)/GitHub_Testing_Lesson.app/GitHub_Testing_Lesson";
			};
			name = Release;
		};
		137F7E3626A73C8B00F3959A /* Debug */ = {
			isa = XCBuildConfiguration;
			buildSettings = {
				ALWAYS_EMBED_SWIFT_STANDARD_LIBRARIES = YES;
				CODE_SIGN_STYLE = Automatic;
				INFOPLIST_FILE = GitHub_Testing_LessonUITests/Info.plist;
				LD_RUNPATH_SEARCH_PATHS = (
					"$(inherited)",
					"@executable_path/Frameworks",
					"@loader_path/Frameworks",
				);
				PRODUCT_BUNDLE_IDENTIFIER = "KWK.GitHub-Testing-LessonUITests";
				PRODUCT_NAME = "$(TARGET_NAME)";
				SWIFT_VERSION = 5.0;
				TARGETED_DEVICE_FAMILY = "1,2";
				TEST_TARGET_NAME = GitHub_Testing_Lesson;
			};
			name = Debug;
		};
		137F7E3726A73C8B00F3959A /* Release */ = {
			isa = XCBuildConfiguration;
			buildSettings = {
				ALWAYS_EMBED_SWIFT_STANDARD_LIBRARIES = YES;
				CODE_SIGN_STYLE = Automatic;
				INFOPLIST_FILE = GitHub_Testing_LessonUITests/Info.plist;
				LD_RUNPATH_SEARCH_PATHS = (
					"$(inherited)",
					"@executable_path/Frameworks",
					"@loader_path/Frameworks",
				);
				PRODUCT_BUNDLE_IDENTIFIER = "KWK.GitHub-Testing-LessonUITests";
				PRODUCT_NAME = "$(TARGET_NAME)";
				SWIFT_VERSION = 5.0;
				TARGETED_DEVICE_FAMILY = "1,2";
				TEST_TARGET_NAME = GitHub_Testing_Lesson;
			};
			name = Release;
		};
/* End XCBuildConfiguration section */

/* Begin XCConfigurationList section */
		137F7DFD26A73C8100F3959A /* Build configuration list for PBXProject "GitHub_Testing_Lesson" */ = {
			isa = XCConfigurationList;
			buildConfigurations = (
				137F7E2D26A73C8B00F3959A /* Debug */,
				137F7E2E26A73C8B00F3959A /* Release */,
			);
			defaultConfigurationIsVisible = 0;
			defaultConfigurationName = Release;
		};
		137F7E2F26A73C8B00F3959A /* Build configuration list for PBXNativeTarget "GitHub_Testing_Lesson" */ = {
			isa = XCConfigurationList;
			buildConfigurations = (
				137F7E3026A73C8B00F3959A /* Debug */,
				137F7E3126A73C8B00F3959A /* Release */,
			);
			defaultConfigurationIsVisible = 0;
			defaultConfigurationName = Release;
		};
		137F7E3226A73C8B00F3959A /* Build configuration list for PBXNativeTarget "GitHub_Testing_LessonTests" */ = {
			isa = XCConfigurationList;
			buildConfigurations = (
				137F7E3326A73C8B00F3959A /* Debug */,
				137F7E3426A73C8B00F3959A /* Release */,
			);
			defaultConfigurationIsVisible = 0;
			defaultConfigurationName = Release;
		};
		137F7E3526A73C8B00F3959A /* Build configuration list for PBXNativeTarget "GitHub_Testing_LessonUITests" */ = {
			isa = XCConfigurationList;
			buildConfigurations = (
				137F7E3626A73C8B00F3959A /* Debug */,
				137F7E3726A73C8B00F3959A /* Release */,
			);
			defaultConfigurationIsVisible = 0;
			defaultConfigurationName = Release;
		};
/* End XCConfigurationList section */

/* Begin XCVersionGroup section */
		137F7E0E26A73C8200F3959A /* GitHub_Testing_Lesson.xcdatamodeld */ = {
			isa = XCVersionGroup;
			children = (
				137F7E0F26A73C8200F3959A /* GitHub_Testing_Lesson.xcdatamodel */,
			);
			currentVersion = 137F7E0F26A73C8200F3959A /* GitHub_Testing_Lesson.xcdatamodel */;
			path = GitHub_Testing_Lesson.xcdatamodeld;
			sourceTree = "<group>";
			versionGroupType = wrapper.xcdatamodel;
		};
/* End XCVersionGroup section */
	};
	rootObject = 137F7DFA26A73C8100F3959A /* Project object */;
}
